
Microsoft Visual Studio Solution File, Format Version 12.00
# Visual Studio 15
Project("{FAE04EC0-301F-11D3-BF4B-00C04F79EFBC}") = "Assembly-CSharp", "Assembly-CSharp.csproj", "{145A85ED-3615-8C91-3AD3-FD1760DDB72D}"
EndProject
Global
	GlobalSection(SolutionConfigurationPlatforms) = preSolution
		Debug|Any CPU = Debug|Any CPU
		Release|Any CPU = Release|Any CPU
	EndGlobalSection
	GlobalSection(ProjectConfigurationPlatforms) = postSolution
		{145A85ED-3615-8C91-3AD3-FD1760DDB72D}.Debug|Any CPU.ActiveCfg = Debug|Any CPU
		{145A85ED-3615-8C91-3AD3-FD1760DDB72D}.Debug|Any CPU.Build.0 = Debug|Any CPU
		{145A85ED-3615-8C91-3AD3-FD1760DDB72D}.Release|Any CPU.ActiveCfg = Release|Any CPU
		{145A85ED-3615-8C91-3AD3-FD1760DDB72D}.Release|Any CPU.Build.0 = Release|Any CPU
	EndGlobalSection
	GlobalSection(SolutionProperties) = preSolution
		HideSolutionNode = FALSE
	EndGlobalSection
EndGlobal
